// !$*UTF8*$!
{
	archiveVersion = 1;
	classes = {
	};
	objectVersion = 56;
	objects = {

/* Begin PBXBuildFile section */
		73345DA02A233E7000A45DA9 /* ExpressPackageTrackerApp.swift in Sources */ = {isa = PBXBuildFile; fileRef = 73345D9F2A233E7000A45DA9 /* ExpressPackageTrackerApp.swift */; };
		73345DA22A233E7000A45DA9 /* PersistenceController.swift in Sources */ = {isa = PBXBuildFile; fileRef = 73345DA12A233E7000A45DA9 /* PersistenceController.swift */; };
		73345DA52A233E7000A45DA9 /* ExpressPackageTracker.xcdatamodeld in Sources */ = {isa = PBXBuildFile; fileRef = 73345DA32A233E7000A45DA9 /* ExpressPackageTracker.xcdatamodeld */; };
		73345DA72A233E7000A45DA9 /* ExpressCompanyListView.swift in Sources */ = {isa = PBXBuildFile; fileRef = 73345DA62A233E7000A45DA9 /* ExpressCompanyListView.swift */; };
		73345DA92A233E7500A45DA9 /* Assets.xcassets in Resources */ = {isa = PBXBuildFile; fileRef = 73345DA82A233E7500A45DA9 /* Assets.xcassets */; };
		73345DAD2A233E7500A45DA9 /* Preview Assets.xcassets in Resources */ = {isa = PBXBuildFile; fileRef = 73345DAC2A233E7500A45DA9 /* Preview Assets.xcassets */; };
		73345DB92A233FF100A45DA9 /* ExpressCompany.swift in Sources */ = {isa = PBXBuildFile; fileRef = 73345DB82A233FF100A45DA9 /* ExpressCompany.swift */; };
		73345DBB2A23440600A45DA9 /* ExpressPackageDetailView.swift in Sources */ = {isa = PBXBuildFile; fileRef = 73345DBA2A23440600A45DA9 /* ExpressPackageDetailView.swift */; };
		73345DBD2A23454400A45DA9 /* WebView.swift in Sources */ = {isa = PBXBuildFile; fileRef = 73345DBC2A23454400A45DA9 /* WebView.swift */; };
		73345DBF2A23457200A45DA9 /* StringExtension.swift in Sources */ = {isa = PBXBuildFile; fileRef = 73345DBE2A23457200A45DA9 /* StringExtension.swift */; };
/* End PBXBuildFile section */

/* Begin PBXFileReference section */
		73345D9C2A233E7000A45DA9 /* ExpressPackageTracker.app */ = {isa = PBXFileReference; explicitFileType = wrapper.application; includeInIndex = 0; path = ExpressPackageTracker.app; sourceTree = BUILT_PRODUCTS_DIR; };
		73345D9F2A233E7000A45DA9 /* ExpressPackageTrackerApp.swift */ = {isa = PBXFileReference; lastKnownFileType = sourcecode.swift; path = ExpressPackageTrackerApp.swift; sourceTree = "<group>"; };
		73345DA12A233E7000A45DA9 /* PersistenceController.swift */ = {isa = PBXFileReference; lastKnownFileType = sourcecode.swift; path = PersistenceController.swift; sourceTree = "<group>"; };
		73345DA42A233E7000A45DA9 /* ExpressPackageTracker.xcdatamodel */ = {isa = PBXFileReference; lastKnownFileType = wrapper.xcdatamodel; path = ExpressPackageTracker.xcdatamodel; sourceTree = "<group>"; };
		73345DA62A233E7000A45DA9 /* ExpressCompanyListView.swift */ = {isa = PBXFileReference; lastKnownFileType = sourcecode.swift; path = ExpressCompanyListView.swift; sourceTree = "<group>"; };
		73345DA82A233E7500A45DA9 /* Assets.xcassets */ = {isa = PBXFileReference; lastKnownFileType = folder.assetcatalog; path = Assets.xcassets; sourceTree = "<group>"; };
		73345DAA2A233E7500A45DA9 /* ExpressPackageTracker.entitlements */ = {isa = PBXFileReference; lastKnownFileType = text.plist.entitlements; path = ExpressPackageTracker.entitlements; sourceTree = "<group>"; };
		73345DAC2A233E7500A45DA9 /* Preview Assets.xcassets */ = {isa = PBXFileReference; lastKnownFileType = folder.assetcatalog; path = "Preview Assets.xcassets"; sourceTree = "<group>"; };
		73345DB82A233FF100A45DA9 /* ExpressCompany.swift */ = {isa = PBXFileReference; lastKnownFileType = sourcecode.swift; path = ExpressCompany.swift; sourceTree = "<group>"; };
		73345DBA2A23440600A45DA9 /* ExpressPackageDetailView.swift */ = {isa = PBXFileReference; lastKnownFileType = sourcecode.swift; path = ExpressPackageDetailView.swift; sourceTree = "<group>"; };
		73345DBC2A23454400A45DA9 /* WebView.swift */ = {isa = PBXFileReference; lastKnownFileType = sourcecode.swift; path = WebView.swift; sourceTree = "<group>"; };
		73345DBE2A23457200A45DA9 /* StringExtension.swift */ = {isa = PBXFileReference; lastKnownFileType = sourcecode.swift; path = StringExtension.swift; sourceTree = "<group>"; };
/* End PBXFileReference section */

/* Begin PBXFrameworksBuildPhase section */
		73345D992A233E7000A45DA9 /* Frameworks */ = {
			isa = PBXFrameworksBuildPhase;
			buildActionMask = 2147483647;
			files = (
			);
			runOnlyForDeploymentPostprocessing = 0;
		};
/* End PBXFrameworksBuildPhase section */

/* Begin PBXGroup section */
		73345D932A233E7000A45DA9 = {
			isa = PBXGroup;
			children = (
				73345D9E2A233E7000A45DA9 /* ExpressPackageTracker */,
				73345D9D2A233E7000A45DA9 /* Products */,
			);
			sourceTree = "<group>";
		};
		73345D9D2A233E7000A45DA9 /* Products */ = {
			isa = PBXGroup;
			children = (
				73345D9C2A233E7000A45DA9 /* ExpressPackageTracker.app */,
			);
			name = Products;
			sourceTree = "<group>";
		};
		73345D9E2A233E7000A45DA9 /* ExpressPackageTracker */ = {
			isa = PBXGroup;
			children = (
				73345DB32A233F5B00A45DA9 /* ui */,
				73345D9F2A233E7000A45DA9 /* ExpressPackageTrackerApp.swift */,
				73345DA12A233E7000A45DA9 /* PersistenceController.swift */,
				73345DA82A233E7500A45DA9 /* Assets.xcassets */,
				73345DAA2A233E7500A45DA9 /* ExpressPackageTracker.entitlements */,
				73345DA32A233E7000A45DA9 /* ExpressPackageTracker.xcdatamodeld */,
				73345DAB2A233E7500A45DA9 /* Preview Content */,
				73345DB82A233FF100A45DA9 /* ExpressCompany.swift */,
				73345DBE2A23457200A45DA9 /* StringExtension.swift */,
			);
			path = ExpressPackageTracker;
			sourceTree = "<group>";
		};
		73345DAB2A233E7500A45DA9 /* Preview Content */ = {
			isa = PBXGroup;
			children = (
				73345DAC2A233E7500A45DA9 /* Preview Assets.xcassets */,
			);
			path = "Preview Content";
			sourceTree = "<group>";
		};
		73345DB32A233F5B00A45DA9 /* ui */ = {
			isa = PBXGroup;
			children = (
				73345DA62A233E7000A45DA9 /* ExpressCompanyListView.swift */,
				73345DBA2A23440600A45DA9 /* ExpressPackageDetailView.swift */,
				73345DBC2A23454400A45DA9 /* WebView.swift */,
			);
			path = ui;
			sourceTree = "<group>";
		};
/* End PBXGroup section */

/* Begin PBXNativeTarget section */
		73345D9B2A233E7000A45DA9 /* ExpressPackageTracker */ = {
			isa = PBXNativeTarget;
			buildConfigurationList = 73345DB02A233E7500A45DA9 /* Build configuration list for PBXNativeTarget "ExpressPackageTracker" */;
			buildPhases = (
				73345D982A233E7000A45DA9 /* Sources */,
				73345D992A233E7000A45DA9 /* Frameworks */,
				73345D9A2A233E7000A45DA9 /* Resources */,
			);
			buildRules = (
			);
			dependencies = (
			);
			name = ExpressPackageTracker;
			productName = ExpressPackageTracker;
			productReference = 73345D9C2A233E7000A45DA9 /* ExpressPackageTracker.app */;
			productType = "com.apple.product-type.application";
		};
/* End PBXNativeTarget section */

/* Begin PBXProject section */
		73345D942A233E7000A45DA9 /* Project object */ = {
			isa = PBXProject;
			attributes = {
				BuildIndependentTargetsInParallel = 1;
				LastSwiftUpdateCheck = 1430;
				LastUpgradeCheck = 1430;
				TargetAttributes = {
					73345D9B2A233E7000A45DA9 = {
						CreatedOnToolsVersion = 14.3;
					};
				};
			};
			buildConfigurationList = 73345D972A233E7000A45DA9 /* Build configuration list for PBXProject "ExpressPackageTracker" */;
			compatibilityVersion = "Xcode 14.0";
			developmentRegion = en;
			hasScannedForEncodings = 0;
			knownRegions = (
				en,
				Base,
			);
			mainGroup = 73345D932A233E7000A45DA9;
			productRefGroup = 73345D9D2A233E7000A45DA9 /* Products */;
			projectDirPath = "";
			projectRoot = "";
			targets = (
				73345D9B2A233E7000A45DA9 /* ExpressPackageTracker */,
			);
		};
/* End PBXProject section */

/* Begin PBXResourcesBuildPhase section */
		73345D9A2A233E7000A45DA9 /* Resources */ = {
			isa = PBXResourcesBuildPhase;
			buildActionMask = 2147483647;
			files = (
				73345DAD2A233E7500A45DA9 /* Preview Assets.xcassets in Resources */,
				73345DA92A233E7500A45DA9 /* Assets.xcassets in Resources */,
			);
			runOnlyForDeploymentPostprocessing = 0;
		};
/* End PBXResourcesBuildPhase section */

/* Begin PBXSourcesBuildPhase section */
		73345D982A233E7000A45DA9 /* Sources */ = {
			isa = PBXSourcesBuildPhase;
			buildActionMask = 2147483647;
			files = (
				73345DA52A233E7000A45DA9 /* ExpressPackageTracker.xcdatamodeld in Sources */,
				73345DA02A233E7000A45DA9 /* ExpressPackageTrackerApp.swift in Sources */,
				73345DA72A233E7000A45DA9 /* ExpressCompanyListView.swift in Sources */,
				73345DB92A233FF100A45DA9 /* ExpressCompany.swift in Sources */,
				73345DBF2A23457200A45DA9 /* StringExtension.swift in Sources */,
				73345DA22A233E7000A45DA9 /* PersistenceController.swift in Sources */,
				73345DBB2A23440600A45DA9 /* ExpressPackageDetailView.swift in Sources */,
				73345DBD2A23454400A45DA9 /* WebView.swift in Sources */,
			);
			runOnlyForDeploymentPostprocessing = 0;
		};
/* End PBXSourcesBuildPhase section */

/* Begin XCBuildConfiguration section */
		73345DAE2A233E7500A45DA9 /* Debug */ = {
			isa = XCBuildConfiguration;
			buildSettings = {
				ALWAYS_SEARCH_USER_PATHS = NO;
				CLANG_ANALYZER_NONNULL = YES;
				CLANG_ANALYZER_NUMBER_OBJECT_CONVERSION = YES_AGGRESSIVE;
				CLANG_CXX_LANGUAGE_STANDARD = "gnu++20";
				CLANG_ENABLE_MODULES = YES;
				CLANG_ENABLE_OBJC_ARC = YES;
				CLANG_ENABLE_OBJC_WEAK = YES;
				CLANG_WARN_BLOCK_CAPTURE_AUTORELEASING = YES;
				CLANG_WARN_BOOL_CONVERSION = YES;
				CLANG_WARN_COMMA = YES;
				CLANG_WARN_CONSTANT_CONVERSION = YES;
				CLANG_WARN_DEPRECATED_OBJC_IMPLEMENTATIONS = YES;
				CLANG_WARN_DIRECT_OBJC_ISA_USAGE = YES_ERROR;
				CLANG_WARN_DOCUMENTATION_COMMENTS = YES;
				CLANG_WARN_EMPTY_BODY = YES;
				CLANG_WARN_ENUM_CONVERSION = YES;
				CLANG_WARN_INFINITE_RECURSION = YES;
				CLANG_WARN_INT_CONVERSION = YES;
				CLANG_WARN_NON_LITERAL_NULL_CONVERSION = YES;
				CLANG_WARN_OBJC_IMPLICIT_RETAIN_SELF = YES;
				CLANG_WARN_OBJC_LITERAL_CONVERSION = YES;
				CLANG_WARN_OBJC_ROOT_CLASS = YES_ERROR;
				CLANG_WARN_QUOTED_INCLUDE_IN_FRAMEWORK_HEADER = YES;
				CLANG_WARN_RANGE_LOOP_ANALYSIS = YES;
				CLANG_WARN_STRICT_PROTOTYPES = YES;
				CLANG_WARN_SUSPICIOUS_MOVE = YES;
				CLANG_WARN_UNGUARDED_AVAILABILITY = YES_AGGRESSIVE;
				CLANG_WARN_UNREACHABLE_CODE = YES;
				CLANG_WARN__DUPLICATE_METHOD_MATCH = YES;
				COPY_PHASE_STRIP = NO;
				DEBUG_INFORMATION_FORMAT = dwarf;
				ENABLE_STRICT_OBJC_MSGSEND = YES;
				ENABLE_TESTABILITY = YES;
				GCC_C_LANGUAGE_STANDARD = gnu11;
				GCC_DYNAMIC_NO_PIC = NO;
				GCC_NO_COMMON_BLOCKS = YES;
				GCC_OPTIMIZATION_LEVEL = 0;
				GCC_PREPROCESSOR_DEFINITIONS = (
					"DEBUG=1",
					"$(inherited)",
				);
				GCC_WARN_64_TO_32_BIT_CONVERSION = YES;
				GCC_WARN_ABOUT_RETURN_TYPE = YES_ERROR;
				GCC_WARN_UNDECLARED_SELECTOR = YES;
				GCC_WARN_UNINITIALIZED_AUTOS = YES_AGGRESSIVE;
				GCC_WARN_UNUSED_FUNCTION = YES;
				GCC_WARN_UNUSED_VARIABLE = YES;
				MTL_ENABLE_DEBUG_INFO = INCLUDE_SOURCE;
				MTL_FAST_MATH = YES;
				ONLY_ACTIVE_ARCH = YES;
				SWIFT_ACTIVE_COMPILATION_CONDITIONS = DEBUG;
				SWIFT_OPTIMIZATION_LEVEL = "-Onone";
			};
			name = Debug;
		};
		73345DAF2A233E7500A45DA9 /* Release */ = {
			isa = XCBuildConfiguration;
			buildSettings = {
				ALWAYS_SEARCH_USER_PATHS = NO;
				CLANG_ANALYZER_NONNULL = YES;
				CLANG_ANALYZER_NUMBER_OBJECT_CONVERSION = YES_AGGRESSIVE;
				CLANG_CXX_LANGUAGE_STANDARD = "gnu++20";
				CLANG_ENABLE_MODULES = YES;
				CLANG_ENABLE_OBJC_ARC = YES;
				CLANG_ENABLE_OBJC_WEAK = YES;
				CLANG_WARN_BLOCK_CAPTURE_AUTORELEASING = YES;
				CLANG_WARN_BOOL_CONVERSION = YES;
				CLANG_WARN_COMMA = YES;
				CLANG_WARN_CONSTANT_CONVERSION = YES;
				CLANG_WARN_DEPRECATED_OBJC_IMPLEMENTATIONS = YES;
				CLANG_WARN_DIRECT_OBJC_ISA_USAGE = YES_ERROR;
				CLANG_WARN_DOCUMENTATION_COMMENTS = YES;
				CLANG_WARN_EMPTY_BODY = YES;
				CLANG_WARN_ENUM_CONVERSION = YES;
				CLANG_WARN_INFINITE_RECURSION = YES;
				CLANG_WARN_INT_CONVERSION = YES;
				CLANG_WARN_NON_LITERAL_NULL_CONVERSION = YES;
				CLANG_WARN_OBJC_IMPLICIT_RETAIN_SELF = YES;
				CLANG_WARN_OBJC_LITERAL_CONVERSION = YES;
				CLANG_WARN_OBJC_ROOT_CLASS = YES_ERROR;
				CLANG_WARN_QUOTED_INCLUDE_IN_FRAMEWORK_HEADER = YES;
				CLANG_WARN_RANGE_LOOP_ANALYSIS = YES;
				CLANG_WARN_STRICT_PROTOTYPES = YES;
				CLANG_WARN_SUSPICIOUS_MOVE = YES;
				CLANG_WARN_UNGUARDED_AVAILABILITY = YES_AGGRESSIVE;
				CLANG_WARN_UNREACHABLE_CODE = YES;
				CLANG_WARN__DUPLICATE_METHOD_MATCH = YES;
				COPY_PHASE_STRIP = NO;
				DEBUG_INFORMATION_FORMAT = "dwarf-with-dsym";
				ENABLE_NS_ASSERTIONS = NO;
				ENABLE_STRICT_OBJC_MSGSEND = YES;
				GCC_C_LANGUAGE_STANDARD = gnu11;
				GCC_NO_COMMON_BLOCKS = YES;
				GCC_WARN_64_TO_32_BIT_CONVERSION = YES;
				GCC_WARN_ABOUT_RETURN_TYPE = YES_ERROR;
				GCC_WARN_UNDECLARED_SELECTOR = YES;
				GCC_WARN_UNINITIALIZED_AUTOS = YES_AGGRESSIVE;
				GCC_WARN_UNUSED_FUNCTION = YES;
				GCC_WARN_UNUSED_VARIABLE = YES;
				MTL_ENABLE_DEBUG_INFO = NO;
				MTL_FAST_MATH = YES;
				SWIFT_COMPILATION_MODE = wholemodule;
				SWIFT_OPTIMIZATION_LEVEL = "-O";
			};
			name = Release;
		};
		73345DB12A233E7500A45DA9 /* Debug */ = {
			isa = XCBuildConfiguration;
			buildSettings = {
				ASSETCATALOG_COMPILER_APPICON_NAME = AppIcon;
				ASSETCATALOG_COMPILER_GLOBAL_ACCENT_COLOR_NAME = AccentColor;
				CODE_SIGN_ENTITLEMENTS = ExpressPackageTracker/ExpressPackageTracker.entitlements;
				CODE_SIGN_STYLE = Automatic;
				CURRENT_PROJECT_VERSION = 1;
				DEVELOPMENT_ASSET_PATHS = "\"ExpressPackageTracker/Preview Content\"";
				DEVELOPMENT_TEAM = 9H3FM5DKST;
				ENABLE_HARDENED_RUNTIME = YES;
				ENABLE_PREVIEWS = YES;
				GENERATE_INFOPLIST_FILE = YES;
				"INFOPLIST_KEY_UIApplicationSceneManifest_Generation[sdk=iphoneos*]" = YES;
				"INFOPLIST_KEY_UIApplicationSceneManifest_Generation[sdk=iphonesimulator*]" = YES;
				"INFOPLIST_KEY_UIApplicationSupportsIndirectInputEvents[sdk=iphoneos*]" = YES;
				"INFOPLIST_KEY_UIApplicationSupportsIndirectInputEvents[sdk=iphonesimulator*]" = YES;
				"INFOPLIST_KEY_UILaunchScreen_Generation[sdk=iphoneos*]" = YES;
				"INFOPLIST_KEY_UILaunchScreen_Generation[sdk=iphonesimulator*]" = YES;
				"INFOPLIST_KEY_UIStatusBarStyle[sdk=iphoneos*]" = UIStatusBarStyleDefault;
				"INFOPLIST_KEY_UIStatusBarStyle[sdk=iphonesimulator*]" = UIStatusBarStyleDefault;
				INFOPLIST_KEY_UISupportedInterfaceOrientations_iPad = "UIInterfaceOrientationPortrait UIInterfaceOrientationPortraitUpsideDown UIInterfaceOrientationLandscapeLeft UIInterfaceOrientationLandscapeRight";
				INFOPLIST_KEY_UISupportedInterfaceOrientations_iPhone = "UIInterfaceOrientationPortrait UIInterfaceOrientationLandscapeLeft UIInterfaceOrientationLandscapeRight";
				IPHONEOS_DEPLOYMENT_TARGET = 16.4;
				LD_RUNPATH_SEARCH_PATHS = "@executable_path/Frameworks";
				"LD_RUNPATH_SEARCH_PATHS[sdk=macosx*]" = "@executable_path/../Frameworks";
				MACOSX_DEPLOYMENT_TARGET = 13.3;
				MARKETING_VERSION = 1.0;
				PRODUCT_BUNDLE_IDENTIFIER = moonlight.ExpressPackageTracker;
				PRODUCT_NAME = "$(TARGET_NAME)";
				SDKROOT = auto;
				SUPPORTED_PLATFORMS = "iphoneos iphonesimulator macosx";
				SWIFT_EMIT_LOC_STRINGS = YES;
				SWIFT_VERSION = 5.0;
				TARGETED_DEVICE_FAMILY = "1,2";
			};
			name = Debug;
		};
		73345DB22A233E7500A45DA9 /* Release */ = {
			isa = XCBuildConfiguration;
			buildSettings = {
				ASSETCATALOG_COMPILER_APPICON_NAME = AppIcon;
				ASSETCATALOG_COMPILER_GLOBAL_ACCENT_COLOR_NAME = AccentColor;
				CODE_SIGN_ENTITLEMENTS = ExpressPackageTracker/ExpressPackageTracker.entitlements;
				CODE_SIGN_STYLE = Automatic;
				CURRENT_PROJECT_VERSION = 1;
				DEVELOPMENT_ASSET_PATHS = "\"ExpressPackageTracker/Preview Content\"";
				DEVELOPMENT_TEAM = 9H3FM5DKST;
				ENABLE_HARDENED_RUNTIME = YES;
				ENABLE_PREVIEWS = YES;
				GENERATE_INFOPLIST_FILE = YES;
				"INFOPLIST_KEY_UIApplicationSceneManifest_Generation[sdk=iphoneos*]" = YES;
				"INFOPLIST_KEY_UIApplicationSceneManifest_Generation[sdk=iphonesimulator*]" = YES;
				"INFOPLIST_KEY_UIApplicationSupportsIndirectInputEvents[sdk=iphoneos*]" = YES;
				"INFOPLIST_KEY_UIApplicationSupportsIndirectInputEvents[sdk=iphonesimulator*]" = YES;
				"INFOPLIST_KEY_UILaunchScreen_Generation[sdk=iphoneos*]" = YES;
				"INFOPLIST_KEY_UILaunchScreen_Generation[sdk=iphonesimulator*]" = YES;
				"INFOPLIST_KEY_UIStatusBarStyle[sdk=iphoneos*]" = UIStatusBarStyleDefault;
				"INFOPLIST_KEY_UIStatusBarStyle[sdk=iphonesimulator*]" = UIStatusBarStyleDefault;
				INFOPLIST_KEY_UISupportedInterfaceOrientations_iPad = "UIInterfaceOrientationPortrait UIInterfaceOrientationPortraitUpsideDown UIInterfaceOrientationLandscapeLeft UIInterfaceOrientationLandscapeRight";
				INFOPLIST_KEY_UISupportedInterfaceOrientations_iPhone = "UIInterfaceOrientationPortrait UIInterfaceOrientationLandscapeLeft UIInterfaceOrientationLandscapeRight";
				IPHONEOS_DEPLOYMENT_TARGET = 16.4;
				LD_RUNPATH_SEARCH_PATHS = "@executable_path/Frameworks";
				"LD_RUNPATH_SEARCH_PATHS[sdk=macosx*]" = "@executable_path/../Frameworks";
				MACOSX_DEPLOYMENT_TARGET = 13.3;
				MARKETING_VERSION = 1.0;
				PRODUCT_BUNDLE_IDENTIFIER = moonlight.ExpressPackageTracker;
				PRODUCT_NAME = "$(TARGET_NAME)";
				SDKROOT = auto;
				SUPPORTED_PLATFORMS = "iphoneos iphonesimulator macosx";
				SWIFT_EMIT_LOC_STRINGS = YES;
				SWIFT_VERSION = 5.0;
				TARGETED_DEVICE_FAMILY = "1,2";
			};
			name = Release;
		};
/* End XCBuildConfiguration section */

/* Begin XCConfigurationList section */
		73345D972A233E7000A45DA9 /* Build configuration list for PBXProject "ExpressPackageTracker" */ = {
			isa = XCConfigurationList;
			buildConfigurations = (
				73345DAE2A233E7500A45DA9 /* Debug */,
				73345DAF2A233E7500A45DA9 /* Release */,
			);
			defaultConfigurationIsVisible = 0;
			defaultConfigurationName = Release;
		};
		73345DB02A233E7500A45DA9 /* Build configuration list for PBXNativeTarget "ExpressPackageTracker" */ = {
			isa = XCConfigurationList;
			buildConfigurations = (
				73345DB12A233E7500A45DA9 /* Debug */,
				73345DB22A233E7500A45DA9 /* Release */,
			);
			defaultConfigurationIsVisible = 0;
			defaultConfigurationName = Release;
		};
/* End XCConfigurationList section */

/* Begin XCVersionGroup section */
		73345DA32A233E7000A45DA9 /* ExpressPackageTracker.xcdatamodeld */ = {
			isa = XCVersionGroup;
			children = (
				73345DA42A233E7000A45DA9 /* ExpressPackageTracker.xcdatamodel */,
			);
			currentVersion = 73345DA42A233E7000A45DA9 /* ExpressPackageTracker.xcdatamodel */;
			path = ExpressPackageTracker.xcdatamodeld;
			sourceTree = "<group>";
			versionGroupType = wrapper.xcdatamodel;
		};
/* End XCVersionGroup section */
	};
	rootObject = 73345D942A233E7000A45DA9 /* Project object */;
}
